# This file is automatically generated by Poetry 1.8.0 and should be committed.

[[package]]
name = "pydantic"
version = "2.5.3"
description = "Data validation using Python type hints"
files = [
    {file = "pydantic-2.5.3-py3-none-any.whl", hash = "sha256:a1b2c3d4e5f6a1b2c3d4e5f6a1b2c3d4e5f6a1b2c3d4e5f6a1b2c3d4e5f6a1b2"},
]

[[package]]
name = "fastapi"
version = "0.109.0"
description = "FastAPI framework, high performance, easy to learn, fast to code, ready for production"
files = [
    {file = "fastapi-0.109.0-py3-none-any.whl", hash = "sha256:b2c3d4e5f6a1b2c3d4e5f6a1b2c3d4e5f6a1b2c3d4e5f6a1b2c3d4e5f6a1b2c3"},
]

[[package]]
name = "uvicorn"
version = "0.27.0"
description = "The lightning-fast ASGI server."
files = [
    {file = "uvicorn-0.27.0-py3-none-any.whl", hash = "sha256:c3d4e5f6a1b2c3d4e5f6a1b2c3d4e5f6a1b2c3d4e5f6a1b2c3d4e5f6a1b2c3d4"},
]

[[package]]
name = "pyyaml"
version = "6.0.1"
description = "YAML parser and emitter for Python"
files = [
    {file = "PyYAML-6.0.1-py3-none-any.whl", hash = "sha256:d4e5f6a1b2c3d4e5f6a1b2c3d4e5f6a1b2c3d4e5f6a1b2c3d4e5f6a1b2c3d4e5"},
]

[[package]]
name = "click"
version = "8.1.7"
description = "Composable command line interface toolkit"
files = [
    {file = "click-8.1.7-py3-none-any.whl", hash = "sha256:e5f6a1b2c3d4e5f6a1b2c3d4e5f6a1b2c3d4e5f6a1b2c3d4e5f6a1b2c3d4e5f6"},
]

[[package]]
name = "prometheus-client"
version = "0.19.0"
description = "Python client for Prometheus"
files = [
    {file = "prometheus_client-0.19.0-py3-none-any.whl", hash = "sha256:f6a1b2c3d4e5f6a1b2c3d4e5f6a1b2c3d4e5f6a1b2c3d4e5f6a1b2c3d4e5f6a1"},
]

[[package]]
name = "httpx"
version = "0.26.0"
description = "The next generation HTTP client."
files = [
    {file = "httpx-0.26.0-py3-none-any.whl", hash = "sha256:a2b3c4d5e6f1a2b3c4d5e6f1a2b3c4d5e6f1a2b3c4d5e6f1a2b3c4d5e6f1a2b3"},
]

[metadata]
lock-version = "2.0"
python-versions = "^3.9"
content-hash = "c73e2a9319da11a22b33c44d55e66f77"
